{"format_version":"1.2","terraform_version":"1.6.5","planned_values":{"root_module":{"resources":[{"address":"aws_s3_bucket.example","mode":"managed","type":"aws_s3_bucket","name":"example","provider_name":"registry.terraform.io/hashicorp/aws","schema_version":0,"values":{"bucket":"my-tf-example-bucket","force_destroy":false,"tags":null,"timeouts":null},"sensitive_values":{"cors_rule":[],"grant":[],"lifecycle_rule":[],"logging":[],"object_lock_configuration":[],"replication_configuration":[],"server_side_encryption_configuration":[],"tags_all":{},"versioning":[],"website":[]}},{"address":"aws_s3_bucket.log_bucket","mode":"managed","type":"aws_s3_bucket","name":"log_bucket","provider_name":"registry.terraform.io/hashicorp/aws","schema_version":0,"values":{"bucket":"my-tf-log-bucket","force_destroy":false,"tags":null,"timeouts":null},"sensitive_values":{"cors_rule":[],"grant":[],"lifecycle_rule":[],"logging":[],"object_lock_configuration":[],"replication_configuration":[],"server_side_encryption_configuration":[],"tags_all":{},"versioning":[],"website":[]}},{"address":"aws_s3_bucket_acl.example","mode":"managed","type":"aws_s3_bucket_acl","name":"example","provider_name":"registry.terraform.io/hashicorp/aws","schema_version":0,"values":{"acl":"private","expected_bucket_owner":null},"sensitive_values":{"access_control_policy":[]}},{"address":"aws_s3_bucket_acl.log_bucket_acl","mode":"managed","type":"aws_s3_bucket_acl","name":"log_bucket_acl","provider_name":"registry.terraform.io/hashicorp/aws","schema_version":0,"values":{"acl":"log-delivery-write","expected_bucket_owner":null},"sensitive_values":{"access_control_policy":[]}},{"address":"aws_s3_bucket_logging.example","mode":"managed","type":"aws_s3_bucket_logging","name":"example","provider_name":"registry.terraform.io/hashicorp/aws","schema_version":0,"values":{"expected_bucket_owner":null,"target_grant":[],"target_object_key_format":[],"target_prefix":"log/"},"sensitive_values":{"target_grant":[],"target_object_key_format":[]}}]}},"resource_changes":[{"address":"aws_s3_bucket.example","mode":"managed","type":"aws_s3_bucket","name":"example","provider_name":"registry.terraform.io/hashicorp/aws","change":{"actions":["create"],"before":null,"after":{"bucket":"my-tf-example-bucket","force_destroy":false,"tags":null,"timeouts":null},"after_unknown":{"acceleration_status":true,"acl":true,"arn":true,"bucket_domain_name":true,"bucket_prefix":true,"bucket_regional_domain_name":true,"cors_rule":true,"grant":true,"hosted_zone_id":true,"id":true,"lifecycle_rule":true,"logging":true,"object_lock_configuration":true,"object_lock_enabled":true,"policy":true,"region":true,"replication_configuration":true,"request_payer":true,"server_side_encryption_configuration":true,"tags_all":true,"versioning":true,"website":true,"website_domain":true,"website_endpoint":true},"before_sensitive":false,"after_sensitive":{"cors_rule":[],"grant":[],"lifecycle_rule":[],"logging":[],"object_lock_configuration":[],"replication_configuration":[],"server_side_encryption_configuration":[],"tags_all":{},"versioning":[],"website":[]}}},{"address":"aws_s3_bucket.log_bucket","mode":"managed","type":"aws_s3_bucket","name":"log_bucket","provider_name":"registry.terraform.io/hashicorp/aws","change":{"actions":["create"],"before":null,"after":{"bucket":"my-tf-log-bucket","force_destroy":false,"tags":null,"timeouts":null},"after_unknown":{"acceleration_status":true,"acl":true,"arn":true,"bucket_domain_name":true,"bucket_prefix":true,"bucket_regional_domain_name":true,"cors_rule":true,"grant":true,"hosted_zone_id":true,"id":true,"lifecycle_rule":true,"logging":true,"object_lock_configuration":true,"object_lock_enabled":true,"policy":true,"region":true,"replication_configuration":true,"request_payer":true,"server_side_encryption_configuration":true,"tags_all":true,"versioning":true,"website":true,"website_domain":true,"website_endpoint":true},"before_sensitive":false,"after_sensitive":{"cors_rule":[],"grant":[],"lifecycle_rule":[],"logging":[],"object_lock_configuration":[],"replication_configuration":[],"server_side_encryption_configuration":[],"tags_all":{},"versioning":[],"website":[]}}},{"address":"aws_s3_bucket_acl.example","mode":"managed","type":"aws_s3_bucket_acl","name":"example","provider_name":"registry.terraform.io/hashicorp/aws","change":{"actions":["create"],"before":null,"after":{"acl":"private","expected_bucket_owner":null},"after_unknown":{"access_control_policy":true,"bucket":true,"id":true},"before_sensitive":false,"after_sensitive":{"access_control_policy":[]}}},{"address":"aws_s3_bucket_acl.log_bucket_acl","mode":"managed","type":"aws_s3_bucket_acl","name":"log_bucket_acl","provider_name":"registry.terraform.io/hashicorp/aws","change":{"actions":["create"],"before":null,"after":{"acl":"log-delivery-write","expected_bucket_owner":null},"after_unknown":{"access_control_policy":true,"bucket":true,"id":true},"before_sensitive":false,"after_sensitive":{"access_control_policy":[]}}},{"address":"aws_s3_bucket_logging.example","mode":"managed","type":"aws_s3_bucket_logging","name":"example","provider_name":"registry.terraform.io/hashicorp/aws","change":{"actions":["create"],"before":null,"after":{"expected_bucket_owner":null,"target_grant":[],"target_object_key_format":[],"target_prefix":"log/"},"after_unknown":{"bucket":true,"id":true,"target_bucket":true,"target_grant":[],"target_object_key_format":[]},"before_sensitive":false,"after_sensitive":{"target_grant":[],"target_object_key_format":[]}}}],"configuration":{"provider_config":{"aws":{"name":"aws","full_name":"registry.terraform.io/hashicorp/aws","version_constraint":"5.29.0","expressions":{"access_key":{"constant_value":"mock_access_key"},"region":{"constant_value":"us-west-2"},"secret_key":{"constant_value":"mock_secret_key"},"skip_credentials_validation":{"constant_value":true},"skip_metadata_api_check":{"constant_value":true},"skip_requesting_account_id":{"constant_value":true}}}},"root_module":{"resources":[{"address":"aws_s3_bucket.example","mode":"managed","type":"aws_s3_bucket","name":"example","provider_config_key":"aws","expressions":{"bucket":{"constant_value":"my-tf-example-bucket"}},"schema_version":0},{"address":"aws_s3_bucket.log_bucket","mode":"managed","type":"aws_s3_bucket","name":"log_bucket","provider_config_key":"aws","expressions":{"bucket":{"constant_value":"my-tf-log-bucket"}},"schema_version":0},{"address":"aws_s3_bucket_acl.example","mode":"managed","type":"aws_s3_bucket_acl","name":"example","provider_config_key":"aws","expressions":{"acl":{"constant_value":"private"},"bucket":{"references":["aws_s3_bucket.example.id","aws_s3_bucket.example"]}},"schema_version":0},{"address":"aws_s3_bucket_acl.log_bucket_acl","mode":"managed","type":"aws_s3_bucket_acl","name":"log_bucket_acl","provider_config_key":"aws","expressions":{"acl":{"constant_value":"log-delivery-write"},"bucket":{"references":["aws_s3_bucket.log_bucket.id","aws_s3_bucket.log_bucket"]}},"schema_version":0},{"address":"aws_s3_bucket_logging.example","mode":"managed","type":"aws_s3_bucket_logging","name":"example","provider_config_key":"aws","expressions":{"bucket":{"references":["aws_s3_bucket.example.id","aws_s3_bucket.example"]},"target_bucket":{"references":["aws_s3_bucket.log_bucket.id","aws_s3_bucket.log_bucket"]},"target_prefix":{"constant_value":"log/"}},"schema_version":0}]}},"relevant_attributes":[{"resource":"aws_s3_bucket.example","attribute":["id"]},{"resource":"aws_s3_bucket.log_bucket","attribute":["id"]}],"timestamp":"2023-12-01T05:12:18Z","errored":false}
