{"format_version":"1.2","terraform_version":"1.6.5","planned_values":{"root_module":{"resources":[{"address":"aws_s3_bucket.example","mode":"managed","type":"aws_s3_bucket","name":"example","provider_name":"registry.terraform.io/hashicorp/aws","schema_version":0,"values":{"bucket":"my-tf-test-bucket","force_destroy":false,"lifecycle_rule":[{"abort_incomplete_multipart_upload_days":null,"enabled":false,"expiration":[{"date":null,"days":90,"expired_object_delete_marker":null}],"id":"log","noncurrent_version_expiration":[],"noncurrent_version_transition":[],"prefix":null,"tags":null,"transition":[{"date":"","days":30,"storage_class":"STANDARD_IA"},{"date":"","days":60,"storage_class":"GLACIER"}]}],"tags":null,"timeouts":null},"sensitive_values":{"cors_rule":[],"grant":[],"lifecycle_rule":[{"expiration":[{}],"noncurrent_version_expiration":[],"noncurrent_version_transition":[],"transition":[{},{}]}],"logging":[],"object_lock_configuration":[],"replication_configuration":[],"server_side_encryption_configuration":[],"tags_all":{},"versioning":[],"website":[]}}]}},"resource_changes":[{"address":"aws_s3_bucket.example","mode":"managed","type":"aws_s3_bucket","name":"example","provider_name":"registry.terraform.io/hashicorp/aws","change":{"actions":["create"],"before":null,"after":{"bucket":"my-tf-test-bucket","force_destroy":false,"lifecycle_rule":[{"abort_incomplete_multipart_upload_days":null,"enabled":false,"expiration":[{"date":null,"days":90,"expired_object_delete_marker":null}],"id":"log","noncurrent_version_expiration":[],"noncurrent_version_transition":[],"prefix":null,"tags":null,"transition":[{"date":"","days":30,"storage_class":"STANDARD_IA"},{"date":"","days":60,"storage_class":"GLACIER"}]}],"tags":null,"timeouts":null},"after_unknown":{"acceleration_status":true,"acl":true,"arn":true,"bucket_domain_name":true,"bucket_prefix":true,"bucket_regional_domain_name":true,"cors_rule":true,"grant":true,"hosted_zone_id":true,"id":true,"lifecycle_rule":[{"expiration":[{}],"noncurrent_version_expiration":[],"noncurrent_version_transition":[],"transition":[{},{}]}],"logging":true,"object_lock_configuration":true,"object_lock_enabled":true,"policy":true,"region":true,"replication_configuration":true,"request_payer":true,"server_side_encryption_configuration":true,"tags_all":true,"versioning":true,"website":true,"website_domain":true,"website_endpoint":true},"before_sensitive":false,"after_sensitive":{"cors_rule":[],"grant":[],"lifecycle_rule":[{"expiration":[{}],"noncurrent_version_expiration":[],"noncurrent_version_transition":[],"transition":[{},{}]}],"logging":[],"object_lock_configuration":[],"replication_configuration":[],"server_side_encryption_configuration":[],"tags_all":{},"versioning":[],"website":[]}}}],"configuration":{"provider_config":{"aws":{"name":"aws","full_name":"registry.terraform.io/hashicorp/aws","version_constraint":"5.29.0","expressions":{"access_key":{"constant_value":"mock_access_key"},"region":{"constant_value":"us-west-2"},"secret_key":{"constant_value":"mock_secret_key"},"skip_credentials_validation":{"constant_value":true},"skip_metadata_api_check":{"constant_value":true},"skip_requesting_account_id":{"constant_value":true}}}},"root_module":{"resources":[{"address":"aws_s3_bucket.example","mode":"managed","type":"aws_s3_bucket","name":"example","provider_config_key":"aws","expressions":{"bucket":{"constant_value":"my-tf-test-bucket"},"lifecycle_rule":[{"enabled":{"constant_value":false},"expiration":[{"days":{"constant_value":90}}],"id":{"constant_value":"log"},"transition":[{"days":{"constant_value":30},"storage_class":{"constant_value":"STANDARD_IA"}},{"days":{"constant_value":60},"storage_class":{"constant_value":"GLACIER"}}]}]},"schema_version":0}]}},"timestamp":"2023-12-04T23:06:31Z","errored":false}
