{"format_version":"1.2","terraform_version":"1.6.5","planned_values":{"root_module":{"resources":[{"address":"aws_rds_cluster.default","mode":"managed","type":"aws_rds_cluster","name":"default","provider_name":"registry.terraform.io/hashicorp/aws","schema_version":1,"values":{"allow_major_version_upgrade":null,"availability_zones":["us-west-2a","us-west-2b","us-west-2c"],"backtrack_window":null,"backup_retention_period":5,"cluster_identifier":"aurora-cluster-demo","copy_tags_to_snapshot":false,"database_name":"mydb","db_cluster_instance_class":null,"db_instance_parameter_group_name":null,"delete_automated_backups":true,"deletion_protection":null,"enable_global_write_forwarding":false,"enable_http_endpoint":false,"enabled_cloudwatch_logs_exports":null,"engine":"aurora-mysql","engine_mode":"provisioned","engine_version":"5.7.mysql_aurora.2.03.2","final_snapshot_identifier":null,"global_cluster_identifier":null,"iam_database_authentication_enabled":null,"iops":null,"manage_master_user_password":null,"master_password":"bar","master_username":"foo","preferred_backup_window":"07:00-09:00","replication_source_identifier":null,"restore_to_point_in_time":[],"s3_import":[],"scaling_configuration":[],"serverlessv2_scaling_configuration":[],"skip_final_snapshot":false,"snapshot_identifier":null,"source_region":null,"tags":null,"timeouts":null},"sensitive_values":{"availability_zones":[false,false,false],"cluster_members":[],"iam_roles":[],"master_user_secret":[],"restore_to_point_in_time":[],"s3_import":[],"scaling_configuration":[],"serverlessv2_scaling_configuration":[],"tags_all":{},"vpc_security_group_ids":[]}}]}},"resource_changes":[{"address":"aws_rds_cluster.default","mode":"managed","type":"aws_rds_cluster","name":"default","provider_name":"registry.terraform.io/hashicorp/aws","change":{"actions":["create"],"before":null,"after":{"allow_major_version_upgrade":null,"availability_zones":["us-west-2a","us-west-2b","us-west-2c"],"backtrack_window":null,"backup_retention_period":5,"cluster_identifier":"aurora-cluster-demo","copy_tags_to_snapshot":false,"database_name":"mydb","db_cluster_instance_class":null,"db_instance_parameter_group_name":null,"delete_automated_backups":true,"deletion_protection":null,"enable_global_write_forwarding":false,"enable_http_endpoint":false,"enabled_cloudwatch_logs_exports":null,"engine":"aurora-mysql","engine_mode":"provisioned","engine_version":"5.7.mysql_aurora.2.03.2","final_snapshot_identifier":null,"global_cluster_identifier":null,"iam_database_authentication_enabled":null,"iops":null,"manage_master_user_password":null,"master_password":"bar","master_username":"foo","preferred_backup_window":"07:00-09:00","replication_source_identifier":null,"restore_to_point_in_time":[],"s3_import":[],"scaling_configuration":[],"serverlessv2_scaling_configuration":[],"skip_final_snapshot":false,"snapshot_identifier":null,"source_region":null,"tags":null,"timeouts":null},"after_unknown":{"allocated_storage":true,"apply_immediately":true,"arn":true,"availability_zones":[false,false,false],"cluster_identifier_prefix":true,"cluster_members":true,"cluster_resource_id":true,"db_cluster_parameter_group_name":true,"db_subnet_group_name":true,"db_system_id":true,"endpoint":true,"engine_version_actual":true,"hosted_zone_id":true,"iam_roles":true,"id":true,"kms_key_id":true,"master_user_secret":true,"master_user_secret_kms_key_id":true,"network_type":true,"port":true,"preferred_maintenance_window":true,"reader_endpoint":true,"restore_to_point_in_time":[],"s3_import":[],"scaling_configuration":[],"serverlessv2_scaling_configuration":[],"storage_encrypted":true,"storage_type":true,"tags_all":true,"vpc_security_group_ids":true},"before_sensitive":false,"after_sensitive":{"availability_zones":[false,false,false],"cluster_members":[],"iam_roles":[],"master_password":true,"master_user_secret":[],"restore_to_point_in_time":[],"s3_import":[],"scaling_configuration":[],"serverlessv2_scaling_configuration":[],"tags_all":{},"vpc_security_group_ids":[]}}}],"configuration":{"provider_config":{"aws":{"name":"aws","full_name":"registry.terraform.io/hashicorp/aws","version_constraint":"5.29.0","expressions":{"access_key":{"constant_value":"mock_access_key"},"region":{"constant_value":"us-west-2"},"secret_key":{"constant_value":"mock_secret_key"},"skip_credentials_validation":{"constant_value":true},"skip_metadata_api_check":{"constant_value":true},"skip_requesting_account_id":{"constant_value":true}}}},"root_module":{"resources":[{"address":"aws_rds_cluster.default","mode":"managed","type":"aws_rds_cluster","name":"default","provider_config_key":"aws","expressions":{"availability_zones":{"constant_value":["us-west-2a","us-west-2b","us-west-2c"]},"backup_retention_period":{"constant_value":5},"cluster_identifier":{"constant_value":"aurora-cluster-demo"},"database_name":{"constant_value":"mydb"},"engine":{"constant_value":"aurora-mysql"},"engine_version":{"constant_value":"5.7.mysql_aurora.2.03.2"},"master_password":{"constant_value":"bar"},"master_username":{"constant_value":"foo"},"preferred_backup_window":{"constant_value":"07:00-09:00"}},"schema_version":1}]}},"timestamp":"2023-12-04T23:34:07Z","errored":false}
