{
    "format_version": "1.2",
    "terraform_version": "1.6.5",
    "planned_values": {
        "root_module": {
            "resources": [
                {
                    "address": "aws_s3_bucket.bucket",
                    "mode": "managed",
                    "type": "aws_s3_bucket",
                    "name": "bucket",
                    "provider_name": "registry.terraform.io/hashicorp/aws",
                    "schema_version": 0,
                    "values": {
                        "bucket": "my-tls-enforced-bucket",
                        "force_destroy": false,
                        "server_side_encryption_configuration": [
                            {
                                "rule": [
                                    {
                                        "apply_server_side_encryption_by_default": [
                                            {
                                                "kms_master_key_id": null,
                                                "sse_algorithm": "AES256"
                                            }
                                        ],
                                        "bucket_key_enabled": null
                                    }
                                ]
                            }
                        ],
                        "tags": null,
                        "timeouts": null
                    },
                    "sensitive_values": {
                        "cors_rule": [],
                        "grant": [],
                        "lifecycle_rule": [],
                        "logging": [],
                        "object_lock_configuration": [],
                        "replication_configuration": [],
                        "server_side_encryption_configuration": [
                            {
                                "rule": [
                                    {
                                        "apply_server_side_encryption_by_default": [
                                            {}
                                        ]
                                    }
                                ]
                            }
                        ],
                        "tags_all": {},
                        "versioning": [],
                        "website": []
                    }
                },
                {
                    "address": "aws_s3_bucket_policy.bucket",
                    "mode": "managed",
                    "type": "aws_s3_bucket_policy",
                    "name": "bucket",
                    "provider_name": "registry.terraform.io/hashicorp/aws",
                    "schema_version": 0,
                    "sensitive_values": {}
                }
            ]
        }
    },
    "resource_changes": [
        {
            "address": "aws_s3_bucket.bucket",
            "mode": "managed",
            "type": "aws_s3_bucket",
            "name": "bucket",
            "provider_name": "registry.terraform.io/hashicorp/aws",
            "change": {
                "actions": [
                    "create"
                ],
                "before": null,
                "after": {
                    "bucket": "my-tls-enforced-bucket",
                    "force_destroy": false,
                    "server_side_encryption_configuration": [
                        {
                            "rule": [
                                {
                                    "apply_server_side_encryption_by_default": [
                                        {
                                            "kms_master_key_id": null,
                                            "sse_algorithm": "AES256"
                                        }
                                    ],
                                    "bucket_key_enabled": null
                                }
                            ]
                        }
                    ],
                    "tags": null,
                    "timeouts": null
                },
                "after_unknown": {
                    "acceleration_status": true,
                    "acl": true,
                    "arn": true,
                    "bucket_domain_name": true,
                    "bucket_prefix": true,
                    "bucket_regional_domain_name": true,
                    "cors_rule": true,
                    "grant": true,
                    "hosted_zone_id": true,
                    "id": true,
                    "lifecycle_rule": true,
                    "logging": true,
                    "object_lock_configuration": true,
                    "object_lock_enabled": true,
                    "policy": true,
                    "region": true,
                    "replication_configuration": true,
                    "request_payer": true,
                    "server_side_encryption_configuration": [
                        {
                            "rule": [
                                {
                                    "apply_server_side_encryption_by_default": [
                                        {}
                                    ]
                                }
                            ]
                        }
                    ],
                    "tags_all": true,
                    "versioning": true,
                    "website": true,
                    "website_domain": true,
                    "website_endpoint": true
                },
                "before_sensitive": false,
                "after_sensitive": {
                    "cors_rule": [],
                    "grant": [],
                    "lifecycle_rule": [],
                    "logging": [],
                    "object_lock_configuration": [],
                    "replication_configuration": [],
                    "server_side_encryption_configuration": [
                        {
                            "rule": [
                                {
                                    "apply_server_side_encryption_by_default": [
                                        {}
                                    ]
                                }
                            ]
                        }
                    ],
                    "tags_all": {},
                    "versioning": [],
                    "website": []
                }
            }
        },
        {
            "address": "aws_s3_bucket_policy.bucket",
            "mode": "managed",
            "type": "aws_s3_bucket_policy",
            "name": "bucket",
            "provider_name": "registry.terraform.io/hashicorp/aws",
            "change": {
                "actions": [
                    "create"
                ],
                "before": null,
                "after": {},
                "after_unknown": {
                    "bucket": true,
                    "id": true,
                    "policy": true
                },
                "before_sensitive": false,
                "after_sensitive": {}
            }
        }
    ],
    "configuration": {
        "provider_config": {
            "aws": {
                "name": "aws",
                "full_name": "registry.terraform.io/hashicorp/aws",
                "version_constraint": "5.29.0",
                "expressions": {
                    "access_key": {
                        "constant_value": "mock_access_key"
                    },
                    "region": {
                        "constant_value": "us-west-2"
                    },
                    "secret_key": {
                        "constant_value": "mock_secret_key"
                    },
                    "skip_credentials_validation": {
                        "constant_value": true
                    },
                    "skip_metadata_api_check": {
                        "constant_value": true
                    },
                    "skip_requesting_account_id": {
                        "constant_value": true
                    }
                }
            }
        },
        "root_module": {
            "resources": [
                {
                    "address": "aws_s3_bucket.bucket",
                    "mode": "managed",
                    "type": "aws_s3_bucket",
                    "name": "bucket",
                    "provider_config_key": "aws",
                    "expressions": {
                        "bucket": {
                            "constant_value": "my-tls-enforced-bucket"
                        },
                        "server_side_encryption_configuration": [
                            {
                                "rule": [
                                    {
                                        "apply_server_side_encryption_by_default": [
                                            {
                                                "sse_algorithm": {
                                                    "constant_value": "AES256"
                                                }
                                            }
                                        ]
                                    }
                                ]
                            }
                        ]
                    },
                    "schema_version": 0
                },
                {
                    "address": "aws_s3_bucket_policy.bucket",
                    "mode": "managed",
                    "type": "aws_s3_bucket_policy",
                    "name": "bucket",
                    "provider_config_key": "aws",
                    "expressions": {
                        "bucket": {
                            "references": [
                                "aws_s3_bucket.bucket.id",
                                "aws_s3_bucket.bucket"
                            ]
                        },
                        "policy": {
                            "references": [
                                "aws_s3_bucket.bucket.arn",
                                "aws_s3_bucket.bucket",
                                "aws_s3_bucket.bucket.arn",
                                "aws_s3_bucket.bucket",
                                "aws_s3_bucket.bucket.arn",
                                "aws_s3_bucket.bucket",
                                "aws_s3_bucket.bucket.arn",
                                "aws_s3_bucket.bucket"
                            ]
                        }
                    },
                    "schema_version": 0
                }
            ]
        }
    },
    "relevant_attributes": [
        {
            "resource": "aws_s3_bucket.bucket",
            "attribute": [
                "arn"
            ]
        },
        {
            "resource": "aws_s3_bucket.bucket",
            "attribute": [
                "id"
            ]
        }
    ],
    "timestamp": "2023-12-04T22:22:00Z",
    "errored": false
}