{
    "format_version": "1.2",
    "terraform_version": "1.6.5",
    "planned_values": {
        "root_module": {
            "resources": [
                {
                    "address": "aws_s3_bucket.bucket",
                    "mode": "managed",
                    "type": "aws_s3_bucket",
                    "name": "bucket",
                    "provider_name": "registry.terraform.io/hashicorp/aws",
                    "schema_version": 0,
                    "values": {
                        "bucket": "versioning-enabled",
                        "force_destroy": false,
                        "tags": null,
                        "timeouts": null,
                        "versioning": [
                            {
                                "enabled": true,
                                "mfa_delete": false
                            }
                        ]
                    },
                    "sensitive_values": {
                        "cors_rule": [],
                        "grant": [],
                        "lifecycle_rule": [],
                        "logging": [],
                        "object_lock_configuration": [],
                        "replication_configuration": [],
                        "server_side_encryption_configuration": [],
                        "tags_all": {},
                        "versioning": [
                            {}
                        ],
                        "website": []
                    }
                }
            ]
        }
    },
    "resource_changes": [
        {
            "address": "aws_s3_bucket.bucket",
            "mode": "managed",
            "type": "aws_s3_bucket",
            "name": "bucket",
            "provider_name": "registry.terraform.io/hashicorp/aws",
            "change": {
                "actions": [
                    "create"
                ],
                "before": null,
                "after": {
                    "bucket": "versioning-enabled",
                    "force_destroy": false,
                    "tags": null,
                    "timeouts": null,
                    "versioning": [
                        {
                            "enabled": true,
                            "mfa_delete": false
                        }
                    ]
                },
                "after_unknown": {
                    "acceleration_status": true,
                    "acl": true,
                    "arn": true,
                    "bucket_domain_name": true,
                    "bucket_prefix": true,
                    "bucket_regional_domain_name": true,
                    "cors_rule": true,
                    "grant": true,
                    "hosted_zone_id": true,
                    "id": true,
                    "lifecycle_rule": true,
                    "logging": true,
                    "object_lock_configuration": true,
                    "object_lock_enabled": true,
                    "policy": true,
                    "region": true,
                    "replication_configuration": true,
                    "request_payer": true,
                    "server_side_encryption_configuration": true,
                    "tags_all": true,
                    "versioning": [
                        {}
                    ],
                    "website": true,
                    "website_domain": true,
                    "website_endpoint": true
                },
                "before_sensitive": false,
                "after_sensitive": {
                    "cors_rule": [],
                    "grant": [],
                    "lifecycle_rule": [],
                    "logging": [],
                    "object_lock_configuration": [],
                    "replication_configuration": [],
                    "server_side_encryption_configuration": [],
                    "tags_all": {},
                    "versioning": [
                        {}
                    ],
                    "website": []
                }
            }
        }
    ],
    "configuration": {
        "provider_config": {
            "aws": {
                "name": "aws",
                "full_name": "registry.terraform.io/hashicorp/aws",
                "version_constraint": "5.29.0",
                "expressions": {
                    "access_key": {
                        "constant_value": "mock_access_key"
                    },
                    "region": {
                        "constant_value": "us-west-2"
                    },
                    "secret_key": {
                        "constant_value": "mock_secret_key"
                    },
                    "skip_credentials_validation": {
                        "constant_value": true
                    },
                    "skip_metadata_api_check": {
                        "constant_value": true
                    },
                    "skip_requesting_account_id": {
                        "constant_value": true
                    }
                }
            }
        },
        "root_module": {
            "resources": [
                {
                    "address": "aws_s3_bucket.bucket",
                    "mode": "managed",
                    "type": "aws_s3_bucket",
                    "name": "bucket",
                    "provider_config_key": "aws",
                    "expressions": {
                        "bucket": {
                            "constant_value": "versioning-enabled"
                        },
                        "versioning": [
                            {
                                "enabled": {
                                    "constant_value": true
                                }
                            }
                        ]
                    },
                    "schema_version": 0
                }
            ]
        }
    },
    "timestamp": "2023-12-04T22:35:31Z",
    "errored": false
}